// !$*UTF8*$!
{
	archiveVersion = 1;
	classes = {
	};
	objectVersion = 51;
	objects = {

/* Begin PBXBuildFile section */
		6A86E824327E57FE37CA2F13 /* Pods_Base_ProjectTests.framework in Frameworks */ = {isa = PBXBuildFile; fileRef = 36BE6EE4D946BB4071D0BA5A /* Pods_Base_ProjectTests.framework */; };
		7DE0B1C3D971BFB6FCC2AB25 /* Pods_Base_Project.framework in Frameworks */ = {isa = PBXBuildFile; fileRef = 8C4112839F00543CDC853742 /* Pods_Base_Project.framework */; };
		B557A8DC26CF91A9004551A9 /* AppDelegate.swift in Sources */ = {isa = PBXBuildFile; fileRef = B557A8DB26CF91A9004551A9 /* AppDelegate.swift */; };
		B557A8DE26CF91A9004551A9 /* SceneDelegate.swift in Sources */ = {isa = PBXBuildFile; fileRef = B557A8DD26CF91A9004551A9 /* SceneDelegate.swift */; };
		B557A8E026CF91A9004551A9 /* ViewController.swift in Sources */ = {isa = PBXBuildFile; fileRef = B557A8DF26CF91A9004551A9 /* ViewController.swift */; };
		B557A8E326CF91A9004551A9 /* Main.storyboard in Resources */ = {isa = PBXBuildFile; fileRef = B557A8E126CF91A9004551A9 /* Main.storyboard */; };
		B557A8E526CF91B3004551A9 /* Assets.xcassets in Resources */ = {isa = PBXBuildFile; fileRef = B557A8E426CF91B3004551A9 /* Assets.xcassets */; };
		B557A8E826CF91B3004551A9 /* LaunchScreen.storyboard in Resources */ = {isa = PBXBuildFile; fileRef = B557A8E626CF91B3004551A9 /* LaunchScreen.storyboard */; };
		B557A8F326CF91B4004551A9 /* Base_ProjectTests.swift in Sources */ = {isa = PBXBuildFile; fileRef = B557A8F226CF91B4004551A9 /* Base_ProjectTests.swift */; };
		B557A8FE26CF91B5004551A9 /* Base_ProjectUITests.swift in Sources */ = {isa = PBXBuildFile; fileRef = B557A8FD26CF91B5004551A9 /* Base_ProjectUITests.swift */; };
		B596E75B26CF9E1D00FD7C51 /* AppHelpers.swift in Sources */ = {isa = PBXBuildFile; fileRef = B596E75826CF9E1C00FD7C51 /* AppHelpers.swift */; };
		B596E75C26CF9E1D00FD7C51 /* DateHelpers.swift in Sources */ = {isa = PBXBuildFile; fileRef = B596E75926CF9E1D00FD7C51 /* DateHelpers.swift */; };
		B596E75D26CF9E1D00FD7C51 /* Logger.swift in Sources */ = {isa = PBXBuildFile; fileRef = B596E75A26CF9E1D00FD7C51 /* Logger.swift */; };
		B596E75F26CF9E4A00FD7C51 /* Containers.swift in Sources */ = {isa = PBXBuildFile; fileRef = B596E75E26CF9E4A00FD7C51 /* Containers.swift */; };
		B596E76626CF9E7200FD7C51 /* Date+Extentions.swift in Sources */ = {isa = PBXBuildFile; fileRef = B596E76026CF9E7000FD7C51 /* Date+Extentions.swift */; };
		B596E76726CF9E7200FD7C51 /* Bool+Extentions.swift in Sources */ = {isa = PBXBuildFile; fileRef = B596E76126CF9E7000FD7C51 /* Bool+Extentions.swift */; };
		B596E76826CF9E7200FD7C51 /* NSObject+Extentions.swift in Sources */ = {isa = PBXBuildFile; fileRef = B596E76226CF9E7100FD7C51 /* NSObject+Extentions.swift */; };
		B596E76926CF9E7200FD7C51 /* String+Extentions.swift in Sources */ = {isa = PBXBuildFile; fileRef = B596E76326CF9E7100FD7C51 /* String+Extentions.swift */; };
		B596E76A26CF9E7200FD7C51 /* DispatchQueue+Extentions.swift in Sources */ = {isa = PBXBuildFile; fileRef = B596E76426CF9E7100FD7C51 /* DispatchQueue+Extentions.swift */; };
		B596E76B26CF9E7200FD7C51 /* Array+Extentions.swift in Sources */ = {isa = PBXBuildFile; fileRef = B596E76526CF9E7200FD7C51 /* Array+Extentions.swift */; };
		B596E77726CF9EA800FD7C51 /* UIDevice+Extentions.swift in Sources */ = {isa = PBXBuildFile; fileRef = B596E76C26CF9E9D00FD7C51 /* UIDevice+Extentions.swift */; };
		B596E77826CF9EA800FD7C51 /* UITableView+Extentions.swift in Sources */ = {isa = PBXBuildFile; fileRef = B596E76D26CF9E9E00FD7C51 /* UITableView+Extentions.swift */; };
		B596E77926CF9EA800FD7C51 /* UITextField+Extension.swift in Sources */ = {isa = PBXBuildFile; fileRef = B596E76E26CF9E9F00FD7C51 /* UITextField+Extension.swift */; };
		B596E77A26CF9EA800FD7C51 /* UIViewController+Extentions.swift in Sources */ = {isa = PBXBuildFile; fileRef = B596E76F26CF9EA000FD7C51 /* UIViewController+Extentions.swift */; };
		B596E77B26CF9EA800FD7C51 /* UITextView+Extentions.swift in Sources */ = {isa = PBXBuildFile; fileRef = B596E77026CF9EA200FD7C51 /* UITextView+Extentions.swift */; };
		B596E77C26CF9EA800FD7C51 /* UILabel+Extentions.swift in Sources */ = {isa = PBXBuildFile; fileRef = B596E77126CF9EA200FD7C51 /* UILabel+Extentions.swift */; };
		B596E77D26CF9EA800FD7C51 /* UIImageView+Extentios.swift in Sources */ = {isa = PBXBuildFile; fileRef = B596E77226CF9EA400FD7C51 /* UIImageView+Extentios.swift */; };
		B596E77E26CF9EA800FD7C51 /* UICollectionView+Extentions.swift in Sources */ = {isa = PBXBuildFile; fileRef = B596E77326CF9EA500FD7C51 /* UICollectionView+Extentions.swift */; };
		B596E77F26CF9EA800FD7C51 /* UIButton+Extentions.swift in Sources */ = {isa = PBXBuildFile; fileRef = B596E77426CF9EA600FD7C51 /* UIButton+Extentions.swift */; };
		B596E78026CF9EA800FD7C51 /* UIView+Extesion.swift in Sources */ = {isa = PBXBuildFile; fileRef = B596E77526CF9EA700FD7C51 /* UIView+Extesion.swift */; };
		B596E78126CF9EA800FD7C51 /* UINavigationController+Extentions.swift in Sources */ = {isa = PBXBuildFile; fileRef = B596E77626CF9EA800FD7C51 /* UINavigationController+Extentions.swift */; };
		FD7FCCC6E37023E4428D97A6 /* Pods_Base_ProjectUITests.framework in Frameworks */ = {isa = PBXBuildFile; fileRef = D864DF71094D77F583C4449C /* Pods_Base_ProjectUITests.framework */; };
/* End PBXBuildFile section */

/* Begin PBXContainerItemProxy section */
		B557A8EF26CF91B4004551A9 /* PBXContainerItemProxy */ = {
			isa = PBXContainerItemProxy;
			containerPortal = B557A8D026CF91A8004551A9 /* Project object */;
			proxyType = 1;
			remoteGlobalIDString = B557A8D726CF91A9004551A9;
			remoteInfo = Base_Project;
		};
		B557A8FA26CF91B5004551A9 /* PBXContainerItemProxy */ = {
			isa = PBXContainerItemProxy;
			containerPortal = B557A8D026CF91A8004551A9 /* Project object */;
			proxyType = 1;
			remoteGlobalIDString = B557A8D726CF91A9004551A9;
			remoteInfo = Base_Project;
		};
/* End PBXContainerItemProxy section */

/* Begin PBXFileReference section */
		22A7A6144F868BE6F6CCD09E /* Pods-Base_ProjectTests.release.xcconfig */ = {isa = PBXFileReference; includeInIndex = 1; lastKnownFileType = text.xcconfig; name = "Pods-Base_ProjectTests.release.xcconfig"; path = "Target Support Files/Pods-Base_ProjectTests/Pods-Base_ProjectTests.release.xcconfig"; sourceTree = "<group>"; };
		36BE6EE4D946BB4071D0BA5A /* Pods_Base_ProjectTests.framework */ = {isa = PBXFileReference; explicitFileType = wrapper.framework; includeInIndex = 0; path = Pods_Base_ProjectTests.framework; sourceTree = BUILT_PRODUCTS_DIR; };
		3CA8169AD6D4D05B44DA8728 /* Pods-Base_ProjectTests.debug.xcconfig */ = {isa = PBXFileReference; includeInIndex = 1; lastKnownFileType = text.xcconfig; name = "Pods-Base_ProjectTests.debug.xcconfig"; path = "Target Support Files/Pods-Base_ProjectTests/Pods-Base_ProjectTests.debug.xcconfig"; sourceTree = "<group>"; };
		6F933E471F50B462A4FBEBD3 /* Pods-Base_ProjectUITests.release.xcconfig */ = {isa = PBXFileReference; includeInIndex = 1; lastKnownFileType = text.xcconfig; name = "Pods-Base_ProjectUITests.release.xcconfig"; path = "Target Support Files/Pods-Base_ProjectUITests/Pods-Base_ProjectUITests.release.xcconfig"; sourceTree = "<group>"; };
		8C4112839F00543CDC853742 /* Pods_Base_Project.framework */ = {isa = PBXFileReference; explicitFileType = wrapper.framework; includeInIndex = 0; path = Pods_Base_Project.framework; sourceTree = BUILT_PRODUCTS_DIR; };
		9AE852D683F5FA8CC8165053 /* Pods-Base_ProjectUITests.debug.xcconfig */ = {isa = PBXFileReference; includeInIndex = 1; lastKnownFileType = text.xcconfig; name = "Pods-Base_ProjectUITests.debug.xcconfig"; path = "Target Support Files/Pods-Base_ProjectUITests/Pods-Base_ProjectUITests.debug.xcconfig"; sourceTree = "<group>"; };
		B557A8D826CF91A9004551A9 /* Base_Project.app */ = {isa = PBXFileReference; explicitFileType = wrapper.application; includeInIndex = 0; path = Base_Project.app; sourceTree = BUILT_PRODUCTS_DIR; };
		B557A8DB26CF91A9004551A9 /* AppDelegate.swift */ = {isa = PBXFileReference; lastKnownFileType = sourcecode.swift; path = AppDelegate.swift; sourceTree = "<group>"; };
		B557A8DD26CF91A9004551A9 /* SceneDelegate.swift */ = {isa = PBXFileReference; lastKnownFileType = sourcecode.swift; path = SceneDelegate.swift; sourceTree = "<group>"; };
		B557A8DF26CF91A9004551A9 /* ViewController.swift */ = {isa = PBXFileReference; lastKnownFileType = sourcecode.swift; path = ViewController.swift; sourceTree = "<group>"; };
		B557A8E226CF91A9004551A9 /* Base */ = {isa = PBXFileReference; lastKnownFileType = file.storyboard; name = Base; path = Base.lproj/Main.storyboard; sourceTree = "<group>"; };
		B557A8E426CF91B3004551A9 /* Assets.xcassets */ = {isa = PBXFileReference; lastKnownFileType = folder.assetcatalog; path = Assets.xcassets; sourceTree = "<group>"; };
		B557A8E726CF91B3004551A9 /* Base */ = {isa = PBXFileReference; lastKnownFileType = file.storyboard; name = Base; path = Base.lproj/LaunchScreen.storyboard; sourceTree = "<group>"; };
		B557A8E926CF91B3004551A9 /* Info.plist */ = {isa = PBXFileReference; lastKnownFileType = text.plist.xml; path = Info.plist; sourceTree = "<group>"; };
		B557A8EE26CF91B4004551A9 /* Base_ProjectTests.xctest */ = {isa = PBXFileReference; explicitFileType = wrapper.cfbundle; includeInIndex = 0; path = Base_ProjectTests.xctest; sourceTree = BUILT_PRODUCTS_DIR; };
		B557A8F226CF91B4004551A9 /* Base_ProjectTests.swift */ = {isa = PBXFileReference; lastKnownFileType = sourcecode.swift; path = Base_ProjectTests.swift; sourceTree = "<group>"; };
		B557A8F426CF91B4004551A9 /* Info.plist */ = {isa = PBXFileReference; lastKnownFileType = text.plist.xml; path = Info.plist; sourceTree = "<group>"; };
		B557A8F926CF91B5004551A9 /* Base_ProjectUITests.xctest */ = {isa = PBXFileReference; explicitFileType = wrapper.cfbundle; includeInIndex = 0; path = Base_ProjectUITests.xctest; sourceTree = BUILT_PRODUCTS_DIR; };
		B557A8FD26CF91B5004551A9 /* Base_ProjectUITests.swift */ = {isa = PBXFileReference; lastKnownFileType = sourcecode.swift; path = Base_ProjectUITests.swift; sourceTree = "<group>"; };
		B557A8FF26CF91B5004551A9 /* Info.plist */ = {isa = PBXFileReference; lastKnownFileType = text.plist.xml; path = Info.plist; sourceTree = "<group>"; };
		B596E75826CF9E1C00FD7C51 /* AppHelpers.swift */ = {isa = PBXFileReference; fileEncoding = 4; lastKnownFileType = sourcecode.swift; path = AppHelpers.swift; sourceTree = "<group>"; };
		B596E75926CF9E1D00FD7C51 /* DateHelpers.swift */ = {isa = PBXFileReference; fileEncoding = 4; lastKnownFileType = sourcecode.swift; path = DateHelpers.swift; sourceTree = "<group>"; };
		B596E75A26CF9E1D00FD7C51 /* Logger.swift */ = {isa = PBXFileReference; fileEncoding = 4; lastKnownFileType = sourcecode.swift; path = Logger.swift; sourceTree = "<group>"; };
		B596E75E26CF9E4A00FD7C51 /* Containers.swift */ = {isa = PBXFileReference; fileEncoding = 4; lastKnownFileType = sourcecode.swift; path = Containers.swift; sourceTree = "<group>"; };
		B596E76026CF9E7000FD7C51 /* Date+Extentions.swift */ = {isa = PBXFileReference; fileEncoding = 4; lastKnownFileType = sourcecode.swift; path = "Date+Extentions.swift"; sourceTree = "<group>"; };
		B596E76126CF9E7000FD7C51 /* Bool+Extentions.swift */ = {isa = PBXFileReference; fileEncoding = 4; lastKnownFileType = sourcecode.swift; path = "Bool+Extentions.swift"; sourceTree = "<group>"; };
		B596E76226CF9E7100FD7C51 /* NSObject+Extentions.swift */ = {isa = PBXFileReference; fileEncoding = 4; lastKnownFileType = sourcecode.swift; path = "NSObject+Extentions.swift"; sourceTree = "<group>"; };
		B596E76326CF9E7100FD7C51 /* String+Extentions.swift */ = {isa = PBXFileReference; fileEncoding = 4; lastKnownFileType = sourcecode.swift; path = "String+Extentions.swift"; sourceTree = "<group>"; };
		B596E76426CF9E7100FD7C51 /* DispatchQueue+Extentions.swift */ = {isa = PBXFileReference; fileEncoding = 4; lastKnownFileType = sourcecode.swift; path = "DispatchQueue+Extentions.swift"; sourceTree = "<group>"; };
		B596E76526CF9E7200FD7C51 /* Array+Extentions.swift */ = {isa = PBXFileReference; fileEncoding = 4; lastKnownFileType = sourcecode.swift; path = "Array+Extentions.swift"; sourceTree = "<group>"; };
		B596E76C26CF9E9D00FD7C51 /* UIDevice+Extentions.swift */ = {isa = PBXFileReference; fileEncoding = 4; lastKnownFileType = sourcecode.swift; path = "UIDevice+Extentions.swift"; sourceTree = "<group>"; };
		B596E76D26CF9E9E00FD7C51 /* UITableView+Extentions.swift */ = {isa = PBXFileReference; fileEncoding = 4; lastKnownFileType = sourcecode.swift; path = "UITableView+Extentions.swift"; sourceTree = "<group>"; };
		B596E76E26CF9E9F00FD7C51 /* UITextField+Extension.swift */ = {isa = PBXFileReference; fileEncoding = 4; lastKnownFileType = sourcecode.swift; path = "UITextField+Extension.swift"; sourceTree = "<group>"; };
		B596E76F26CF9EA000FD7C51 /* UIViewController+Extentions.swift */ = {isa = PBXFileReference; fileEncoding = 4; lastKnownFileType = sourcecode.swift; path = "UIViewController+Extentions.swift"; sourceTree = "<group>"; };
		B596E77026CF9EA200FD7C51 /* UITextView+Extentions.swift */ = {isa = PBXFileReference; fileEncoding = 4; lastKnownFileType = sourcecode.swift; path = "UITextView+Extentions.swift"; sourceTree = "<group>"; };
		B596E77126CF9EA200FD7C51 /* UILabel+Extentions.swift */ = {isa = PBXFileReference; fileEncoding = 4; lastKnownFileType = sourcecode.swift; path = "UILabel+Extentions.swift"; sourceTree = "<group>"; };
		B596E77226CF9EA400FD7C51 /* UIImageView+Extentios.swift */ = {isa = PBXFileReference; fileEncoding = 4; lastKnownFileType = sourcecode.swift; path = "UIImageView+Extentios.swift"; sourceTree = "<group>"; };
		B596E77326CF9EA500FD7C51 /* UICollectionView+Extentions.swift */ = {isa = PBXFileReference; fileEncoding = 4; lastKnownFileType = sourcecode.swift; path = "UICollectionView+Extentions.swift"; sourceTree = "<group>"; };
		B596E77426CF9EA600FD7C51 /* UIButton+Extentions.swift */ = {isa = PBXFileReference; fileEncoding = 4; lastKnownFileType = sourcecode.swift; path = "UIButton+Extentions.swift"; sourceTree = "<group>"; };
		B596E77526CF9EA700FD7C51 /* UIView+Extesion.swift */ = {isa = PBXFileReference; fileEncoding = 4; lastKnownFileType = sourcecode.swift; path = "UIView+Extesion.swift"; sourceTree = "<group>"; };
		B596E77626CF9EA800FD7C51 /* UINavigationController+Extentions.swift */ = {isa = PBXFileReference; fileEncoding = 4; lastKnownFileType = sourcecode.swift; path = "UINavigationController+Extentions.swift"; sourceTree = "<group>"; };
		B9082C3CDCEB7697AA5CA469 /* Pods-Base_Project.release.xcconfig */ = {isa = PBXFileReference; includeInIndex = 1; lastKnownFileType = text.xcconfig; name = "Pods-Base_Project.release.xcconfig"; path = "Target Support Files/Pods-Base_Project/Pods-Base_Project.release.xcconfig"; sourceTree = "<group>"; };
		D864DF71094D77F583C4449C /* Pods_Base_ProjectUITests.framework */ = {isa = PBXFileReference; explicitFileType = wrapper.framework; includeInIndex = 0; path = Pods_Base_ProjectUITests.framework; sourceTree = BUILT_PRODUCTS_DIR; };
		FBD30C4D2CF179249F2B6834 /* Pods-Base_Project.debug.xcconfig */ = {isa = PBXFileReference; includeInIndex = 1; lastKnownFileType = text.xcconfig; name = "Pods-Base_Project.debug.xcconfig"; path = "Target Support Files/Pods-Base_Project/Pods-Base_Project.debug.xcconfig"; sourceTree = "<group>"; };
/* End PBXFileReference section */

/* Begin PBXFrameworksBuildPhase section */
		B557A8D526CF91A9004551A9 /* Frameworks */ = {
			isa = PBXFrameworksBuildPhase;
			buildActionMask = 2147483647;
			files = (
				7DE0B1C3D971BFB6FCC2AB25 /* Pods_Base_Project.framework in Frameworks */,
			);
			runOnlyForDeploymentPostprocessing = 0;
		};
		B557A8EB26CF91B4004551A9 /* Frameworks */ = {
			isa = PBXFrameworksBuildPhase;
			buildActionMask = 2147483647;
			files = (
				6A86E824327E57FE37CA2F13 /* Pods_Base_ProjectTests.framework in Frameworks */,
			);
			runOnlyForDeploymentPostprocessing = 0;
		};
		B557A8F626CF91B5004551A9 /* Frameworks */ = {
			isa = PBXFrameworksBuildPhase;
			buildActionMask = 2147483647;
			files = (
				FD7FCCC6E37023E4428D97A6 /* Pods_Base_ProjectUITests.framework in Frameworks */,
			);
			runOnlyForDeploymentPostprocessing = 0;
		};
/* End PBXFrameworksBuildPhase section */

/* Begin PBXGroup section */
		089E6BAB6BDA8B2BBFCE7440 /* Frameworks */ = {
			isa = PBXGroup;
			children = (
				8C4112839F00543CDC853742 /* Pods_Base_Project.framework */,
				36BE6EE4D946BB4071D0BA5A /* Pods_Base_ProjectTests.framework */,
				D864DF71094D77F583C4449C /* Pods_Base_ProjectUITests.framework */,
			);
			name = Frameworks;
			sourceTree = "<group>";
		};
		B244CF06D9FD3ADAA3BC9DB7 /* Pods */ = {
			isa = PBXGroup;
			children = (
				FBD30C4D2CF179249F2B6834 /* Pods-Base_Project.debug.xcconfig */,
				B9082C3CDCEB7697AA5CA469 /* Pods-Base_Project.release.xcconfig */,
				3CA8169AD6D4D05B44DA8728 /* Pods-Base_ProjectTests.debug.xcconfig */,
				22A7A6144F868BE6F6CCD09E /* Pods-Base_ProjectTests.release.xcconfig */,
				9AE852D683F5FA8CC8165053 /* Pods-Base_ProjectUITests.debug.xcconfig */,
				6F933E471F50B462A4FBEBD3 /* Pods-Base_ProjectUITests.release.xcconfig */,
			);
			path = Pods;
			sourceTree = "<group>";
		};
		B557A8CF26CF91A8004551A9 = {
			isa = PBXGroup;
			children = (
				B557A8DA26CF91A9004551A9 /* Base_Project */,
				B557A8F126CF91B4004551A9 /* Base_ProjectTests */,
				B557A8FC26CF91B5004551A9 /* Base_ProjectUITests */,
				B557A8D926CF91A9004551A9 /* Products */,
				B244CF06D9FD3ADAA3BC9DB7 /* Pods */,
				089E6BAB6BDA8B2BBFCE7440 /* Frameworks */,
			);
			sourceTree = "<group>";
		};
		B557A8D926CF91A9004551A9 /* Products */ = {
			isa = PBXGroup;
			children = (
				B557A8D826CF91A9004551A9 /* Base_Project.app */,
				B557A8EE26CF91B4004551A9 /* Base_ProjectTests.xctest */,
				B557A8F926CF91B5004551A9 /* Base_ProjectUITests.xctest */,
			);
			name = Products;
			sourceTree = "<group>";
		};
		B557A8DA26CF91A9004551A9 /* Base_Project */ = {
			isa = PBXGroup;
			children = (
				B596E73C26CF93D500FD7C51 /* Commonkit */,
				B596E75426CF96F000FD7C51 /* Sources */,
				B596E73226CF927C00FD7C51 /* Targets */,
				B596E73926CF936400FD7C51 /* Application */,
				B557A8E926CF91B3004551A9 /* Info.plist */,
			);
			path = Base_Project;
			sourceTree = "<group>";
		};
		B557A8F126CF91B4004551A9 /* Base_ProjectTests */ = {
			isa = PBXGroup;
			children = (
				B557A8F226CF91B4004551A9 /* Base_ProjectTests.swift */,
				B557A8F426CF91B4004551A9 /* Info.plist */,
			);
			path = Base_ProjectTests;
			sourceTree = "<group>";
		};
		B557A8FC26CF91B5004551A9 /* Base_ProjectUITests */ = {
			isa = PBXGroup;
			children = (
				B557A8FD26CF91B5004551A9 /* Base_ProjectUITests.swift */,
				B557A8FF26CF91B5004551A9 /* Info.plist */,
			);
			path = Base_ProjectUITests;
			sourceTree = "<group>";
		};
		B596E73226CF927C00FD7C51 /* Targets */ = {
			isa = PBXGroup;
			children = (
				B596E73826CF933F00FD7C51 /* Target */,
				B596E73326CF929200FD7C51 /* Resources */,
			);
			path = Targets;
			sourceTree = "<group>";
		};
		B596E73326CF929200FD7C51 /* Resources */ = {
			isa = PBXGroup;
			children = (
				B596E73426CF92FD00FD7C51 /* Theme */,
				B557A8E626CF91B3004551A9 /* LaunchScreen.storyboard */,
				B557A8E426CF91B3004551A9 /* Assets.xcassets */,
			);
			path = Resources;
			sourceTree = "<group>";
		};
		B596E73426CF92FD00FD7C51 /* Theme */ = {
			isa = PBXGroup;
			children = (
			);
			path = Theme;
			sourceTree = "<group>";
		};
		B596E73526CF931700FD7C51 /* Developer */ = {
			isa = PBXGroup;
			children = (
			);
			path = Developer;
			sourceTree = "<group>";
		};
		B596E73626CF932200FD7C51 /* Staging */ = {
			isa = PBXGroup;
			children = (
			);
			path = Staging;
			sourceTree = "<group>";
		};
		B596E73726CF933700FD7C51 /* Production */ = {
			isa = PBXGroup;
			children = (
			);
			path = Production;
			sourceTree = "<group>";
		};
		B596E73826CF933F00FD7C51 /* Target */ = {
			isa = PBXGroup;
			children = (
				B596E73726CF933700FD7C51 /* Production */,
				B596E73626CF932200FD7C51 /* Staging */,
				B596E73526CF931700FD7C51 /* Developer */,
			);
			path = Target;
			sourceTree = "<group>";
		};
		B596E73926CF936400FD7C51 /* Application */ = {
			isa = PBXGroup;
			children = (
				B557A8DB26CF91A9004551A9 /* AppDelegate.swift */,
				B557A8DD26CF91A9004551A9 /* SceneDelegate.swift */,
			);
			path = Application;
			sourceTree = "<group>";
		};
		B596E73A26CF937A00FD7C51 /* Scener */ = {
			isa = PBXGroup;
			children = (
				B596E73B26CF939700FD7C51 /* Main */,
			);
			path = Scener;
			sourceTree = "<group>";
		};
		B596E73B26CF939700FD7C51 /* Main */ = {
			isa = PBXGroup;
			children = (
				B557A8DF26CF91A9004551A9 /* ViewController.swift */,
				B557A8E126CF91A9004551A9 /* Main.storyboard */,
			);
			path = Main;
			sourceTree = "<group>";
		};
		B596E73C26CF93D500FD7C51 /* Commonkit */ = {
			isa = PBXGroup;
			children = (
				B596E74E26CF969600FD7C51 /* Extentions */,
				B596E75026CF96A700FD7C51 /* Helpers */,
				B596E75126CF96AE00FD7C51 /* Containers */,
				B596E74F26CF96A000FD7C51 /* Libs */,
			);
			path = Commonkit;
			sourceTree = "<group>";
		};
		B596E74E26CF969600FD7C51 /* Extentions */ = {
			isa = PBXGroup;
			children = (
				B596E75326CF96C500FD7C51 /* Foudation */,
				B596E75226CF96BD00FD7C51 /* UIKit */,
			);
			path = Extentions;
			sourceTree = "<group>";
		};
		B596E74F26CF96A000FD7C51 /* Libs */ = {
			isa = PBXGroup;
			children = (
			);
			path = Libs;
			sourceTree = "<group>";
		};
		B596E75026CF96A700FD7C51 /* Helpers */ = {
			isa = PBXGroup;
			children = (
				B596E75826CF9E1C00FD7C51 /* AppHelpers.swift */,
				B596E75926CF9E1D00FD7C51 /* DateHelpers.swift */,
				B596E75A26CF9E1D00FD7C51 /* Logger.swift */,
			);
			path = Helpers;
			sourceTree = "<group>";
		};
		B596E75126CF96AE00FD7C51 /* Containers */ = {
			isa = PBXGroup;
			children = (
				B596E75E26CF9E4A00FD7C51 /* Containers.swift */,
			);
			path = Containers;
			sourceTree = "<group>";
		};
		B596E75226CF96BD00FD7C51 /* UIKit */ = {
			isa = PBXGroup;
			children = (
				B596E77426CF9EA600FD7C51 /* UIButton+Extentions.swift */,
				B596E77326CF9EA500FD7C51 /* UICollectionView+Extentions.swift */,
				B596E76C26CF9E9D00FD7C51 /* UIDevice+Extentions.swift */,
				B596E77226CF9EA400FD7C51 /* UIImageView+Extentios.swift */,
				B596E77126CF9EA200FD7C51 /* UILabel+Extentions.swift */,
				B596E77626CF9EA800FD7C51 /* UINavigationController+Extentions.swift */,
				B596E76D26CF9E9E00FD7C51 /* UITableView+Extentions.swift */,
				B596E76E26CF9E9F00FD7C51 /* UITextField+Extension.swift */,
				B596E77026CF9EA200FD7C51 /* UITextView+Extentions.swift */,
				B596E77526CF9EA700FD7C51 /* UIView+Extesion.swift */,
				B596E76F26CF9EA000FD7C51 /* UIViewController+Extentions.swift */,
			);
			path = UIKit;
			sourceTree = "<group>";
		};
		B596E75326CF96C500FD7C51 /* Foudation */ = {
			isa = PBXGroup;
			children = (
				B596E76526CF9E7200FD7C51 /* Array+Extentions.swift */,
				B596E76126CF9E7000FD7C51 /* Bool+Extentions.swift */,
				B596E76026CF9E7000FD7C51 /* Date+Extentions.swift */,
				B596E76426CF9E7100FD7C51 /* DispatchQueue+Extentions.swift */,
				B596E76226CF9E7100FD7C51 /* NSObject+Extentions.swift */,
				B596E76326CF9E7100FD7C51 /* String+Extentions.swift */,
			);
			path = Foudation;
			sourceTree = "<group>";
		};
		B596E75426CF96F000FD7C51 /* Sources */ = {
			isa = PBXGroup;
			children = (
				B596E75726CF974700FD7C51 /* Base */,
				B596E75626CF973100FD7C51 /* Domain */,
				B596E75526CF971800FD7C51 /* Models */,
				B596E73A26CF937A00FD7C51 /* Scener */,
			);
			path = Sources;
			sourceTree = "<group>";
		};
		B596E75526CF971800FD7C51 /* Models */ = {
			isa = PBXGroup;
			children = (
			);
			path = Models;
			sourceTree = "<group>";
		};
		B596E75626CF973100FD7C51 /* Domain */ = {
			isa = PBXGroup;
			children = (
			);
			path = Domain;
			sourceTree = "<group>";
		};
		B596E75726CF974700FD7C51 /* Base */ = {
			isa = PBXGroup;
			children = (
			);
			path = Base;
			sourceTree = "<group>";
		};
/* End PBXGroup section */

/* Begin PBXNativeTarget section */
		B557A8D726CF91A9004551A9 /* Base_Project */ = {
			isa = PBXNativeTarget;
			buildConfigurationList = B557A90226CF91B5004551A9 /* Build configuration list for PBXNativeTarget "Base_Project" */;
			buildPhases = (
				6187AEA3608EFA49E0B5043C /* [CP] Check Pods Manifest.lock */,
				B557A8D426CF91A9004551A9 /* Sources */,
				B557A8D526CF91A9004551A9 /* Frameworks */,
				B557A8D626CF91A9004551A9 /* Resources */,
				6A0C6780C0BAB0960A0AFF9C /* [CP] Embed Pods Frameworks */,
				400E965D2FC6D63AD787D707 /* [CP] Copy Pods Resources */,
			);
			buildRules = (
			);
			dependencies = (
			);
			name = Base_Project;
			productName = Base_Project;
			productReference = B557A8D826CF91A9004551A9 /* Base_Project.app */;
			productType = "com.apple.product-type.application";
		};
		B557A8ED26CF91B4004551A9 /* Base_ProjectTests */ = {
			isa = PBXNativeTarget;
			buildConfigurationList = B557A90526CF91B5004551A9 /* Build configuration list for PBXNativeTarget "Base_ProjectTests" */;
			buildPhases = (
				6C0FFBC886F3EB15B60439D0 /* [CP] Check Pods Manifest.lock */,
				B557A8EA26CF91B4004551A9 /* Sources */,
				B557A8EB26CF91B4004551A9 /* Frameworks */,
				B557A8EC26CF91B4004551A9 /* Resources */,
			);
			buildRules = (
			);
			dependencies = (
				B557A8F026CF91B4004551A9 /* PBXTargetDependency */,
			);
			name = Base_ProjectTests;
			productName = Base_ProjectTests;
			productReference = B557A8EE26CF91B4004551A9 /* Base_ProjectTests.xctest */;
			productType = "com.apple.product-type.bundle.unit-test";
		};
		B557A8F826CF91B5004551A9 /* Base_ProjectUITests */ = {
			isa = PBXNativeTarget;
			buildConfigurationList = B557A90826CF91B5004551A9 /* Build configuration list for PBXNativeTarget "Base_ProjectUITests" */;
			buildPhases = (
				88AF8DC6A0FC6E829CE667DE /* [CP] Check Pods Manifest.lock */,
				B557A8F526CF91B5004551A9 /* Sources */,
				B557A8F626CF91B5004551A9 /* Frameworks */,
				B557A8F726CF91B5004551A9 /* Resources */,
			);
			buildRules = (
			);
			dependencies = (
				B557A8FB26CF91B5004551A9 /* PBXTargetDependency */,
			);
			name = Base_ProjectUITests;
			productName = Base_ProjectUITests;
			productReference = B557A8F926CF91B5004551A9 /* Base_ProjectUITests.xctest */;
			productType = "com.apple.product-type.bundle.ui-testing";
		};
/* End PBXNativeTarget section */

/* Begin PBXProject section */
		B557A8D026CF91A8004551A9 /* Project object */ = {
			isa = PBXProject;
			attributes = {
				LastSwiftUpdateCheck = 1250;
				LastUpgradeCheck = 1250;
				TargetAttributes = {
					B557A8D726CF91A9004551A9 = {
						CreatedOnToolsVersion = 12.5.1;
					};
					B557A8ED26CF91B4004551A9 = {
						CreatedOnToolsVersion = 12.5.1;
						TestTargetID = B557A8D726CF91A9004551A9;
					};
					B557A8F826CF91B5004551A9 = {
						CreatedOnToolsVersion = 12.5.1;
						TestTargetID = B557A8D726CF91A9004551A9;
					};
				};
			};
			buildConfigurationList = B557A8D326CF91A8004551A9 /* Build configuration list for PBXProject "Base_Project" */;
			compatibilityVersion = "Xcode 9.3";
			developmentRegion = en;
			hasScannedForEncodings = 0;
			knownRegions = (
				en,
				Base,
			);
			mainGroup = B557A8CF26CF91A8004551A9;
			productRefGroup = B557A8D926CF91A9004551A9 /* Products */;
			projectDirPath = "";
			projectRoot = "";
			targets = (
				B557A8D726CF91A9004551A9 /* Base_Project */,
				B557A8ED26CF91B4004551A9 /* Base_ProjectTests */,
				B557A8F826CF91B5004551A9 /* Base_ProjectUITests */,
			);
		};
/* End PBXProject section */

/* Begin PBXResourcesBuildPhase section */
		B557A8D626CF91A9004551A9 /* Resources */ = {
			isa = PBXResourcesBuildPhase;
			buildActionMask = 2147483647;
			files = (
				B557A8E826CF91B3004551A9 /* LaunchScreen.storyboard in Resources */,
				B557A8E526CF91B3004551A9 /* Assets.xcassets in Resources */,
				B557A8E326CF91A9004551A9 /* Main.storyboard in Resources */,
			);
			runOnlyForDeploymentPostprocessing = 0;
		};
		B557A8EC26CF91B4004551A9 /* Resources */ = {
			isa = PBXResourcesBuildPhase;
			buildActionMask = 2147483647;
			files = (
			);
			runOnlyForDeploymentPostprocessing = 0;
		};
		B557A8F726CF91B5004551A9 /* Resources */ = {
			isa = PBXResourcesBuildPhase;
			buildActionMask = 2147483647;
			files = (
			);
			runOnlyForDeploymentPostprocessing = 0;
		};
/* End PBXResourcesBuildPhase section */

/* Begin PBXShellScriptBuildPhase section */
		400E965D2FC6D63AD787D707 /* [CP] Copy Pods Resources */ = {
			isa = PBXShellScriptBuildPhase;
			buildActionMask = 2147483647;
			files = (
			);
			inputFileListPaths = (
				"${PODS_ROOT}/Target Support Files/Pods-Base_Project/Pods-Base_Project-resources-${CONFIGURATION}-input-files.xcfilelist",
			);
			name = "[CP] Copy Pods Resources";
			outputFileListPaths = (
				"${PODS_ROOT}/Target Support Files/Pods-Base_Project/Pods-Base_Project-resources-${CONFIGURATION}-output-files.xcfilelist",
			);
			runOnlyForDeploymentPostprocessing = 0;
			shellPath = /bin/sh;
			shellScript = "\"${PODS_ROOT}/Target Support Files/Pods-Base_Project/Pods-Base_Project-resources.sh\"\n";
			showEnvVarsInLog = 0;
		};
		6187AEA3608EFA49E0B5043C /* [CP] Check Pods Manifest.lock */ = {
			isa = PBXShellScriptBuildPhase;
			buildActionMask = 2147483647;
			files = (
			);
			inputFileListPaths = (
			);
			inputPaths = (
				"${PODS_PODFILE_DIR_PATH}/Podfile.lock",
				"${PODS_ROOT}/Manifest.lock",
			);
			name = "[CP] Check Pods Manifest.lock";
			outputFileListPaths = (
			);
			outputPaths = (
				"$(DERIVED_FILE_DIR)/Pods-Base_Project-checkManifestLockResult.txt",
			);
			runOnlyForDeploymentPostprocessing = 0;
			shellPath = /bin/sh;
			shellScript = "diff \"${PODS_PODFILE_DIR_PATH}/Podfile.lock\" \"${PODS_ROOT}/Manifest.lock\" > /dev/null\nif [ $? != 0 ] ; then\n    # print error to STDERR\n    echo \"error: The sandbox is not in sync with the Podfile.lock. Run 'pod install' or update your CocoaPods installation.\" >&2\n    exit 1\nfi\n# This output is used by Xcode 'outputs' to avoid re-running this script phase.\necho \"SUCCESS\" > \"${SCRIPT_OUTPUT_FILE_0}\"\n";
			showEnvVarsInLog = 0;
		};
		6A0C6780C0BAB0960A0AFF9C /* [CP] Embed Pods Frameworks */ = {
			isa = PBXShellScriptBuildPhase;
			buildActionMask = 2147483647;
			files = (
			);
			inputFileListPaths = (
				"${PODS_ROOT}/Target Support Files/Pods-Base_Project/Pods-Base_Project-frameworks-${CONFIGURATION}-input-files.xcfilelist",
			);
			name = "[CP] Embed Pods Frameworks";
			outputFileListPaths = (
				"${PODS_ROOT}/Target Support Files/Pods-Base_Project/Pods-Base_Project-frameworks-${CONFIGURATION}-output-files.xcfilelist",
			);
			runOnlyForDeploymentPostprocessing = 0;
			shellPath = /bin/sh;
			shellScript = "\"${PODS_ROOT}/Target Support Files/Pods-Base_Project/Pods-Base_Project-frameworks.sh\"\n";
			showEnvVarsInLog = 0;
		};
		6C0FFBC886F3EB15B60439D0 /* [CP] Check Pods Manifest.lock */ = {
			isa = PBXShellScriptBuildPhase;
			buildActionMask = 2147483647;
			files = (
			);
			inputFileListPaths = (
			);
			inputPaths = (
				"${PODS_PODFILE_DIR_PATH}/Podfile.lock",
				"${PODS_ROOT}/Manifest.lock",
			);
			name = "[CP] Check Pods Manifest.lock";
			outputFileListPaths = (
			);
			outputPaths = (
				"$(DERIVED_FILE_DIR)/Pods-Base_ProjectTests-checkManifestLockResult.txt",
			);
			runOnlyForDeploymentPostprocessing = 0;
			shellPath = /bin/sh;
			shellScript = "diff \"${PODS_PODFILE_DIR_PATH}/Podfile.lock\" \"${PODS_ROOT}/Manifest.lock\" > /dev/null\nif [ $? != 0 ] ; then\n    # print error to STDERR\n    echo \"error: The sandbox is not in sync with the Podfile.lock. Run 'pod install' or update your CocoaPods installation.\" >&2\n    exit 1\nfi\n# This output is used by Xcode 'outputs' to avoid re-running this script phase.\necho \"SUCCESS\" > \"${SCRIPT_OUTPUT_FILE_0}\"\n";
			showEnvVarsInLog = 0;
		};
		88AF8DC6A0FC6E829CE667DE /* [CP] Check Pods Manifest.lock */ = {
			isa = PBXShellScriptBuildPhase;
			buildActionMask = 2147483647;
			files = (
			);
			inputFileListPaths = (
			);
			inputPaths = (
				"${PODS_PODFILE_DIR_PATH}/Podfile.lock",
				"${PODS_ROOT}/Manifest.lock",
			);
			name = "[CP] Check Pods Manifest.lock";
			outputFileListPaths = (
			);
			outputPaths = (
				"$(DERIVED_FILE_DIR)/Pods-Base_ProjectUITests-checkManifestLockResult.txt",
			);
			runOnlyForDeploymentPostprocessing = 0;
			shellPath = /bin/sh;
			shellScript = "diff \"${PODS_PODFILE_DIR_PATH}/Podfile.lock\" \"${PODS_ROOT}/Manifest.lock\" > /dev/null\nif [ $? != 0 ] ; then\n    # print error to STDERR\n    echo \"error: The sandbox is not in sync with the Podfile.lock. Run 'pod install' or update your CocoaPods installation.\" >&2\n    exit 1\nfi\n# This output is used by Xcode 'outputs' to avoid re-running this script phase.\necho \"SUCCESS\" > \"${SCRIPT_OUTPUT_FILE_0}\"\n";
			showEnvVarsInLog = 0;
		};
/* End PBXShellScriptBuildPhase section */

/* Begin PBXSourcesBuildPhase section */
		B557A8D426CF91A9004551A9 /* Sources */ = {
			isa = PBXSourcesBuildPhase;
			buildActionMask = 2147483647;
			files = (
				B596E77D26CF9EA800FD7C51 /* UIImageView+Extentios.swift in Sources */,
				B596E76826CF9E7200FD7C51 /* NSObject+Extentions.swift in Sources */,
				B596E76B26CF9E7200FD7C51 /* Array+Extentions.swift in Sources */,
				B557A8E026CF91A9004551A9 /* ViewController.swift in Sources */,
				B596E76726CF9E7200FD7C51 /* Bool+Extentions.swift in Sources */,
				B596E77A26CF9EA800FD7C51 /* UIViewController+Extentions.swift in Sources */,
				B596E78026CF9EA800FD7C51 /* UIView+Extesion.swift in Sources */,
				B596E75D26CF9E1D00FD7C51 /* Logger.swift in Sources */,
				B596E77926CF9EA800FD7C51 /* UITextField+Extension.swift in Sources */,
				B596E76626CF9E7200FD7C51 /* Date+Extentions.swift in Sources */,
				B557A8DC26CF91A9004551A9 /* AppDelegate.swift in Sources */,
				B596E76A26CF9E7200FD7C51 /* DispatchQueue+Extentions.swift in Sources */,
				B596E77B26CF9EA800FD7C51 /* UITextView+Extentions.swift in Sources */,
				B557A8DE26CF91A9004551A9 /* SceneDelegate.swift in Sources */,
				B596E77E26CF9EA800FD7C51 /* UICollectionView+Extentions.swift in Sources */,
				B596E77F26CF9EA800FD7C51 /* UIButton+Extentions.swift in Sources */,
				B596E78126CF9EA800FD7C51 /* UINavigationController+Extentions.swift in Sources */,
				B596E76926CF9E7200FD7C51 /* String+Extentions.swift in Sources */,
				B596E77826CF9EA800FD7C51 /* UITableView+Extentions.swift in Sources */,
				B596E77726CF9EA800FD7C51 /* UIDevice+Extentions.swift in Sources */,
				B596E75C26CF9E1D00FD7C51 /* DateHelpers.swift in Sources */,
				B596E75F26CF9E4A00FD7C51 /* Containers.swift in Sources */,
				B596E77C26CF9EA800FD7C51 /* UILabel+Extentions.swift in Sources */,
				B596E75B26CF9E1D00FD7C51 /* AppHelpers.swift in Sources */,
			);
			runOnlyForDeploymentPostprocessing = 0;
		};
		B557A8EA26CF91B4004551A9 /* Sources */ = {
			isa = PBXSourcesBuildPhase;
			buildActionMask = 2147483647;
			files = (
				B557A8F326CF91B4004551A9 /* Base_ProjectTests.swift in Sources */,
			);
			runOnlyForDeploymentPostprocessing = 0;
		};
		B557A8F526CF91B5004551A9 /* Sources */ = {
			isa = PBXSourcesBuildPhase;
			buildActionMask = 2147483647;
			files = (
				B557A8FE26CF91B5004551A9 /* Base_ProjectUITests.swift in Sources */,
			);
			runOnlyForDeploymentPostprocessing = 0;
		};
/* End PBXSourcesBuildPhase section */

/* Begin PBXTargetDependency section */
		B557A8F026CF91B4004551A9 /* PBXTargetDependency */ = {
			isa = PBXTargetDependency;
			target = B557A8D726CF91A9004551A9 /* Base_Project */;
			targetProxy = B557A8EF26CF91B4004551A9 /* PBXContainerItemProxy */;
		};
		B557A8FB26CF91B5004551A9 /* PBXTargetDependency */ = {
			isa = PBXTargetDependency;
			target = B557A8D726CF91A9004551A9 /* Base_Project */;
			targetProxy = B557A8FA26CF91B5004551A9 /* PBXContainerItemProxy */;
		};
/* End PBXTargetDependency section */

/* Begin PBXVariantGroup section */
		B557A8E126CF91A9004551A9 /* Main.storyboard */ = {
			isa = PBXVariantGroup;
			children = (
				B557A8E226CF91A9004551A9 /* Base */,
			);
			name = Main.storyboard;
			sourceTree = "<group>";
		};
		B557A8E626CF91B3004551A9 /* LaunchScreen.storyboard */ = {
			isa = PBXVariantGroup;
			children = (
				B557A8E726CF91B3004551A9 /* Base */,
			);
			name = LaunchScreen.storyboard;
			sourceTree = "<group>";
		};
/* End PBXVariantGroup section */

/* Begin XCBuildConfiguration section */
		B557A90026CF91B5004551A9 /* Debug */ = {
			isa = XCBuildConfiguration;
			buildSettings = {
				ALWAYS_SEARCH_USER_PATHS = NO;
				CLANG_ANALYZER_NONNULL = YES;
				CLANG_ANALYZER_NUMBER_OBJECT_CONVERSION = YES_AGGRESSIVE;
				CLANG_CXX_LANGUAGE_STANDARD = "gnu++14";
				CLANG_CXX_LIBRARY = "libc++";
				CLANG_ENABLE_MODULES = YES;
				CLANG_ENABLE_OBJC_ARC = YES;
				CLANG_ENABLE_OBJC_WEAK = YES;
				CLANG_WARN_BLOCK_CAPTURE_AUTORELEASING = YES;
				CLANG_WARN_BOOL_CONVERSION = YES;
				CLANG_WARN_COMMA = YES;
				CLANG_WARN_CONSTANT_CONVERSION = YES;
				CLANG_WARN_DEPRECATED_OBJC_IMPLEMENTATIONS = YES;
				CLANG_WARN_DIRECT_OBJC_ISA_USAGE = YES_ERROR;
				CLANG_WARN_DOCUMENTATION_COMMENTS = YES;
				CLANG_WARN_EMPTY_BODY = YES;
				CLANG_WARN_ENUM_CONVERSION = YES;
				CLANG_WARN_INFINITE_RECURSION = YES;
				CLANG_WARN_INT_CONVERSION = YES;
				CLANG_WARN_NON_LITERAL_NULL_CONVERSION = YES;
				CLANG_WARN_OBJC_IMPLICIT_RETAIN_SELF = YES;
				CLANG_WARN_OBJC_LITERAL_CONVERSION = YES;
				CLANG_WARN_OBJC_ROOT_CLASS = YES_ERROR;
				CLANG_WARN_QUOTED_INCLUDE_IN_FRAMEWORK_HEADER = YES;
				CLANG_WARN_RANGE_LOOP_ANALYSIS = YES;
				CLANG_WARN_STRICT_PROTOTYPES = YES;
				CLANG_WARN_SUSPICIOUS_MOVE = YES;
				CLANG_WARN_UNGUARDED_AVAILABILITY = YES_AGGRESSIVE;
				CLANG_WARN_UNREACHABLE_CODE = YES;
				CLANG_WARN__DUPLICATE_METHOD_MATCH = YES;
				COPY_PHASE_STRIP = NO;
				DEBUG_INFORMATION_FORMAT = dwarf;
				ENABLE_STRICT_OBJC_MSGSEND = YES;
				ENABLE_TESTABILITY = YES;
				GCC_C_LANGUAGE_STANDARD = gnu11;
				GCC_DYNAMIC_NO_PIC = NO;
				GCC_NO_COMMON_BLOCKS = YES;
				GCC_OPTIMIZATION_LEVEL = 0;
				GCC_PREPROCESSOR_DEFINITIONS = (
					"DEBUG=1",
					"$(inherited)",
				);
				GCC_WARN_64_TO_32_BIT_CONVERSION = YES;
				GCC_WARN_ABOUT_RETURN_TYPE = YES_ERROR;
				GCC_WARN_UNDECLARED_SELECTOR = YES;
				GCC_WARN_UNINITIALIZED_AUTOS = YES_AGGRESSIVE;
				GCC_WARN_UNUSED_FUNCTION = YES;
				GCC_WARN_UNUSED_VARIABLE = YES;
				IPHONEOS_DEPLOYMENT_TARGET = 14.5;
				MTL_ENABLE_DEBUG_INFO = INCLUDE_SOURCE;
				MTL_FAST_MATH = YES;
				ONLY_ACTIVE_ARCH = YES;
				SDKROOT = iphoneos;
				SWIFT_ACTIVE_COMPILATION_CONDITIONS = DEBUG;
				SWIFT_OPTIMIZATION_LEVEL = "-Onone";
			};
			name = Debug;
		};
		B557A90126CF91B5004551A9 /* Release */ = {
			isa = XCBuildConfiguration;
			buildSettings = {
				ALWAYS_SEARCH_USER_PATHS = NO;
				CLANG_ANALYZER_NONNULL = YES;
				CLANG_ANALYZER_NUMBER_OBJECT_CONVERSION = YES_AGGRESSIVE;
				CLANG_CXX_LANGUAGE_STANDARD = "gnu++14";
				CLANG_CXX_LIBRARY = "libc++";
				CLANG_ENABLE_MODULES = YES;
				CLANG_ENABLE_OBJC_ARC = YES;
				CLANG_ENABLE_OBJC_WEAK = YES;
				CLANG_WARN_BLOCK_CAPTURE_AUTORELEASING = YES;
				CLANG_WARN_BOOL_CONVERSION = YES;
				CLANG_WARN_COMMA = YES;
				CLANG_WARN_CONSTANT_CONVERSION = YES;
				CLANG_WARN_DEPRECATED_OBJC_IMPLEMENTATIONS = YES;
				CLANG_WARN_DIRECT_OBJC_ISA_USAGE = YES_ERROR;
				CLANG_WARN_DOCUMENTATION_COMMENTS = YES;
				CLANG_WARN_EMPTY_BODY = YES;
				CLANG_WARN_ENUM_CONVERSION = YES;
				CLANG_WARN_INFINITE_RECURSION = YES;
				CLANG_WARN_INT_CONVERSION = YES;
				CLANG_WARN_NON_LITERAL_NULL_CONVERSION = YES;
				CLANG_WARN_OBJC_IMPLICIT_RETAIN_SELF = YES;
				CLANG_WARN_OBJC_LITERAL_CONVERSION = YES;
				CLANG_WARN_OBJC_ROOT_CLASS = YES_ERROR;
				CLANG_WARN_QUOTED_INCLUDE_IN_FRAMEWORK_HEADER = YES;
				CLANG_WARN_RANGE_LOOP_ANALYSIS = YES;
				CLANG_WARN_STRICT_PROTOTYPES = YES;
				CLANG_WARN_SUSPICIOUS_MOVE = YES;
				CLANG_WARN_UNGUARDED_AVAILABILITY = YES_AGGRESSIVE;
				CLANG_WARN_UNREACHABLE_CODE = YES;
				CLANG_WARN__DUPLICATE_METHOD_MATCH = YES;
				COPY_PHASE_STRIP = NO;
				DEBUG_INFORMATION_FORMAT = "dwarf-with-dsym";
				ENABLE_NS_ASSERTIONS = NO;
				ENABLE_STRICT_OBJC_MSGSEND = YES;
				GCC_C_LANGUAGE_STANDARD = gnu11;
				GCC_NO_COMMON_BLOCKS = YES;
				GCC_WARN_64_TO_32_BIT_CONVERSION = YES;
				GCC_WARN_ABOUT_RETURN_TYPE = YES_ERROR;
				GCC_WARN_UNDECLARED_SELECTOR = YES;
				GCC_WARN_UNINITIALIZED_AUTOS = YES_AGGRESSIVE;
				GCC_WARN_UNUSED_FUNCTION = YES;
				GCC_WARN_UNUSED_VARIABLE = YES;
				IPHONEOS_DEPLOYMENT_TARGET = 14.5;
				MTL_ENABLE_DEBUG_INFO = NO;
				MTL_FAST_MATH = YES;
				SDKROOT = iphoneos;
				SWIFT_COMPILATION_MODE = wholemodule;
				SWIFT_OPTIMIZATION_LEVEL = "-O";
				VALIDATE_PRODUCT = YES;
			};
			name = Release;
		};
		B557A90326CF91B5004551A9 /* Debug */ = {
			isa = XCBuildConfiguration;
			baseConfigurationReference = FBD30C4D2CF179249F2B6834 /* Pods-Base_Project.debug.xcconfig */;
			buildSettings = {
				ASSETCATALOG_COMPILER_APPICON_NAME = AppIcon;
				ASSETCATALOG_COMPILER_GLOBAL_ACCENT_COLOR_NAME = AccentColor;
				CODE_SIGN_STYLE = Automatic;
				INFOPLIST_FILE = Base_Project/Info.plist;
				LD_RUNPATH_SEARCH_PATHS = (
					"$(inherited)",
					"@executable_path/Frameworks",
				);
				PRODUCT_BUNDLE_IDENTIFIER = "thanhviet.Base-Project";
				PRODUCT_NAME = "$(TARGET_NAME)";
				SWIFT_VERSION = 5.0;
				TARGETED_DEVICE_FAMILY = "1,2";
			};
			name = Debug;
		};
		B557A90426CF91B5004551A9 /* Release */ = {
			isa = XCBuildConfiguration;
			baseConfigurationReference = B9082C3CDCEB7697AA5CA469 /* Pods-Base_Project.release.xcconfig */;
			buildSettings = {
				ASSETCATALOG_COMPILER_APPICON_NAME = AppIcon;
				ASSETCATALOG_COMPILER_GLOBAL_ACCENT_COLOR_NAME = AccentColor;
				CODE_SIGN_STYLE = Automatic;
				INFOPLIST_FILE = Base_Project/Info.plist;
				LD_RUNPATH_SEARCH_PATHS = (
					"$(inherited)",
					"@executable_path/Frameworks",
				);
				PRODUCT_BUNDLE_IDENTIFIER = "thanhviet.Base-Project";
				PRODUCT_NAME = "$(TARGET_NAME)";
				SWIFT_VERSION = 5.0;
				TARGETED_DEVICE_FAMILY = "1,2";
			};
			name = Release;
		};
		B557A90626CF91B5004551A9 /* Debug */ = {
			isa = XCBuildConfiguration;
			baseConfigurationReference = 3CA8169AD6D4D05B44DA8728 /* Pods-Base_ProjectTests.debug.xcconfig */;
			buildSettings = {
				ALWAYS_EMBED_SWIFT_STANDARD_LIBRARIES = YES;
				BUNDLE_LOADER = "$(TEST_HOST)";
				CODE_SIGN_STYLE = Automatic;
				INFOPLIST_FILE = Base_ProjectTests/Info.plist;
				IPHONEOS_DEPLOYMENT_TARGET = 14.5;
				LD_RUNPATH_SEARCH_PATHS = (
					"$(inherited)",
					"@executable_path/Frameworks",
					"@loader_path/Frameworks",
				);
				PRODUCT_BUNDLE_IDENTIFIER = "thanhviet.Base-ProjectTests";
				PRODUCT_NAME = "$(TARGET_NAME)";
				SWIFT_VERSION = 5.0;
				TARGETED_DEVICE_FAMILY = "1,2";
				TEST_HOST = "$(BUILT_PRODUCTS_DIR)/Base_Project.app/Base_Project";
			};
			name = Debug;
		};
		B557A90726CF91B5004551A9 /* Release */ = {
			isa = XCBuildConfiguration;
			baseConfigurationReference = 22A7A6144F868BE6F6CCD09E /* Pods-Base_ProjectTests.release.xcconfig */;
			buildSettings = {
				ALWAYS_EMBED_SWIFT_STANDARD_LIBRARIES = YES;
				BUNDLE_LOADER = "$(TEST_HOST)";
				CODE_SIGN_STYLE = Automatic;
				INFOPLIST_FILE = Base_ProjectTests/Info.plist;
				IPHONEOS_DEPLOYMENT_TARGET = 14.5;
				LD_RUNPATH_SEARCH_PATHS = (
					"$(inherited)",
					"@executable_path/Frameworks",
					"@loader_path/Frameworks",
				);
				PRODUCT_BUNDLE_IDENTIFIER = "thanhviet.Base-ProjectTests";
				PRODUCT_NAME = "$(TARGET_NAME)";
				SWIFT_VERSION = 5.0;
				TARGETED_DEVICE_FAMILY = "1,2";
				TEST_HOST = "$(BUILT_PRODUCTS_DIR)/Base_Project.app/Base_Project";
			};
			name = Release;
		};
		B557A90926CF91B5004551A9 /* Debug */ = {
			isa = XCBuildConfiguration;
			baseConfigurationReference = 9AE852D683F5FA8CC8165053 /* Pods-Base_ProjectUITests.debug.xcconfig */;
			buildSettings = {
				ALWAYS_EMBED_SWIFT_STANDARD_LIBRARIES = YES;
				CODE_SIGN_STYLE = Automatic;
				INFOPLIST_FILE = Base_ProjectUITests/Info.plist;
				LD_RUNPATH_SEARCH_PATHS = (
					"$(inherited)",
					"@executable_path/Frameworks",
					"@loader_path/Frameworks",
				);
				PRODUCT_BUNDLE_IDENTIFIER = "thanhviet.Base-ProjectUITests";
				PRODUCT_NAME = "$(TARGET_NAME)";
				SWIFT_VERSION = 5.0;
				TARGETED_DEVICE_FAMILY = "1,2";
				TEST_TARGET_NAME = Base_Project;
			};
			name = Debug;
		};
		B557A90A26CF91B5004551A9 /* Release */ = {
			isa = XCBuildConfiguration;
			baseConfigurationReference = 6F933E471F50B462A4FBEBD3 /* Pods-Base_ProjectUITests.release.xcconfig */;
			buildSettings = {
				ALWAYS_EMBED_SWIFT_STANDARD_LIBRARIES = YES;
				CODE_SIGN_STYLE = Automatic;
				INFOPLIST_FILE = Base_ProjectUITests/Info.plist;
				LD_RUNPATH_SEARCH_PATHS = (
					"$(inherited)",
					"@executable_path/Frameworks",
					"@loader_path/Frameworks",
				);
				PRODUCT_BUNDLE_IDENTIFIER = "thanhviet.Base-ProjectUITests";
				PRODUCT_NAME = "$(TARGET_NAME)";
				SWIFT_VERSION = 5.0;
				TARGETED_DEVICE_FAMILY = "1,2";
				TEST_TARGET_NAME = Base_Project;
			};
			name = Release;
		};
/* End XCBuildConfiguration section */

/* Begin XCConfigurationList section */
		B557A8D326CF91A8004551A9 /* Build configuration list for PBXProject "Base_Project" */ = {
			isa = XCConfigurationList;
			buildConfigurations = (
				B557A90026CF91B5004551A9 /* Debug */,
				B557A90126CF91B5004551A9 /* Release */,
			);
			defaultConfigurationIsVisible = 0;
			defaultConfigurationName = Release;
		};
		B557A90226CF91B5004551A9 /* Build configuration list for PBXNativeTarget "Base_Project" */ = {
			isa = XCConfigurationList;
			buildConfigurations = (
				B557A90326CF91B5004551A9 /* Debug */,
				B557A90426CF91B5004551A9 /* Release */,
			);
			defaultConfigurationIsVisible = 0;
			defaultConfigurationName = Release;
		};
		B557A90526CF91B5004551A9 /* Build configuration list for PBXNativeTarget "Base_ProjectTests" */ = {
			isa = XCConfigurationList;
			buildConfigurations = (
				B557A90626CF91B5004551A9 /* Debug */,
				B557A90726CF91B5004551A9 /* Release */,
			);
			defaultConfigurationIsVisible = 0;
			defaultConfigurationName = Release;
		};
		B557A90826CF91B5004551A9 /* Build configuration list for PBXNativeTarget "Base_ProjectUITests" */ = {
			isa = XCConfigurationList;
			buildConfigurations = (
				B557A90926CF91B5004551A9 /* Debug */,
				B557A90A26CF91B5004551A9 /* Release */,
			);
			defaultConfigurationIsVisible = 0;
			defaultConfigurationName = Release;
		};
/* End XCConfigurationList section */
	};
	rootObject = B557A8D026CF91A8004551A9 /* Project object */;
}
